// !$*UTF8*$!
{
	archiveVersion = 1;
	classes = {
	};
	objectVersion = 46;
	objects = {

/* Begin PBXBuildFile section */
		108F4981E07E8DC0B9A5923E /* Pods_SmartMeterUITests.framework in Frameworks */ = {isa = PBXBuildFile; fileRef = 640B16667CFD1FED8AE6A909 /* Pods_SmartMeterUITests.framework */; };
		4BCB06C9EF1CC0A4666A9B5F /* Pods_SmartMeterTests.framework in Frameworks */ = {isa = PBXBuildFile; fileRef = 6E0AC7334D16F31502C2E4F6 /* Pods_SmartMeterTests.framework */; };
		500E9FB71E03807700EFFADA /* MeterReadingRealm.swift in Sources */ = {isa = PBXBuildFile; fileRef = 500E9FB61E03807700EFFADA /* MeterReadingRealm.swift */; };
		500E9FBA1E0389F300EFFADA /* RealmSmartMeter.swift in Sources */ = {isa = PBXBuildFile; fileRef = 500E9FB91E0389F300EFFADA /* RealmSmartMeter.swift */; };
		5022891C1E0BB1740012FBA2 /* AppSplitViewController.swift in Sources */ = {isa = PBXBuildFile; fileRef = 5022891B1E0BB1740012FBA2 /* AppSplitViewController.swift */; };
		5089F6061E10B05C00016531 /* MeterListCell.swift in Sources */ = {isa = PBXBuildFile; fileRef = 5089F6051E10B05C00016531 /* MeterListCell.swift */; };
		5089F6081E10B15500016531 /* ImageListCell.swift in Sources */ = {isa = PBXBuildFile; fileRef = 5089F6071E10B15500016531 /* ImageListCell.swift */; };
		50CCC2571C1D044400D52115 /* AppDelegate.swift in Sources */ = {isa = PBXBuildFile; fileRef = 50CCC2561C1D044400D52115 /* AppDelegate.swift */; };
		50CCC25E1C1D044400D52115 /* Main.storyboard in Resources */ = {isa = PBXBuildFile; fileRef = 50CCC25C1C1D044400D52115 /* Main.storyboard */; };
		50CCC2601C1D044400D52115 /* Assets.xcassets in Resources */ = {isa = PBXBuildFile; fileRef = 50CCC25F1C1D044400D52115 /* Assets.xcassets */; };
		50CCC2631C1D044400D52115 /* LaunchScreen.storyboard in Resources */ = {isa = PBXBuildFile; fileRef = 50CCC2611C1D044400D52115 /* LaunchScreen.storyboard */; };
		50CCC2791C1D044400D52115 /* SmartMeterUITests.swift in Sources */ = {isa = PBXBuildFile; fileRef = 50CCC2781C1D044400D52115 /* SmartMeterUITests.swift */; };
		50CCC2891C1D088900D52115 /* AppTabViewController.swift in Sources */ = {isa = PBXBuildFile; fileRef = 50CCC2881C1D088900D52115 /* AppTabViewController.swift */; };
		50FE74AB1E0628150020CA65 /* Meters.storyboard in Resources */ = {isa = PBXBuildFile; fileRef = 50FE74AA1E0628150020CA65 /* Meters.storyboard */; };
		50FE74AD1E07652E0020CA65 /* ReadingsViewController.swift in Sources */ = {isa = PBXBuildFile; fileRef = 50FE74AC1E07652E0020CA65 /* ReadingsViewController.swift */; };
		50FE74B01E07655F0020CA65 /* ReadingViewController.swift in Sources */ = {isa = PBXBuildFile; fileRef = 50FE74AF1E07655F0020CA65 /* ReadingViewController.swift */; };
		50FE74B31E0765B80020CA65 /* Readings.storyboard in Resources */ = {isa = PBXBuildFile; fileRef = 50FE74B21E0765B80020CA65 /* Readings.storyboard */; };
		50FEEF9F1E076B6900CC65BD /* ReadingsModel.swift in Sources */ = {isa = PBXBuildFile; fileRef = 50FEEF9E1E076B6900CC65BD /* ReadingsModel.swift */; };
		8AD1E5B2C8F5ADAF8468BAD0 /* Pods_SmartMeter.framework in Frameworks */ = {isa = PBXBuildFile; fileRef = C2329C24A3D63D77A62BDC6C /* Pods_SmartMeter.framework */; };
/* End PBXBuildFile section */

/* Begin PBXContainerItemProxy section */
		50CCC26A1C1D044400D52115 /* PBXContainerItemProxy */ = {
			isa = PBXContainerItemProxy;
			containerPortal = 50CCC24B1C1D044400D52115 /* Project object */;
			proxyType = 1;
			remoteGlobalIDString = 50CCC2521C1D044400D52115;
			remoteInfo = SmartMeter;
		};
		50CCC2751C1D044400D52115 /* PBXContainerItemProxy */ = {
			isa = PBXContainerItemProxy;
			containerPortal = 50CCC24B1C1D044400D52115 /* Project object */;
			proxyType = 1;
			remoteGlobalIDString = 50CCC2521C1D044400D52115;
			remoteInfo = SmartMeter;
		};
/* End PBXContainerItemProxy section */

/* Begin PBXFileReference section */
		44802D9CE13B951FDDE36F56 /* Pods-SmartMeterUITests.debug.xcconfig */ = {isa = PBXFileReference; includeInIndex = 1; lastKnownFileType = text.xcconfig; name = "Pods-SmartMeterUITests.debug.xcconfig"; path = "Pods/Target Support Files/Pods-SmartMeterUITests/Pods-SmartMeterUITests.debug.xcconfig"; sourceTree = "<group>"; };
		46B809340F0AC034DBF9C915 /* Pods-SmartMeterTests.debug.xcconfig */ = {isa = PBXFileReference; includeInIndex = 1; lastKnownFileType = text.xcconfig; name = "Pods-SmartMeterTests.debug.xcconfig"; path = "Pods/Target Support Files/Pods-SmartMeterTests/Pods-SmartMeterTests.debug.xcconfig"; sourceTree = "<group>"; };
		4B48AC4F8A29EBCC5B469B82 /* Pods-SmartMeterTests.release.xcconfig */ = {isa = PBXFileReference; includeInIndex = 1; lastKnownFileType = text.xcconfig; name = "Pods-SmartMeterTests.release.xcconfig"; path = "Pods/Target Support Files/Pods-SmartMeterTests/Pods-SmartMeterTests.release.xcconfig"; sourceTree = "<group>"; };
		4EA97EDBFED56449B1C3D821 /* Pods-SmartMeter.release.xcconfig */ = {isa = PBXFileReference; includeInIndex = 1; lastKnownFileType = text.xcconfig; name = "Pods-SmartMeter.release.xcconfig"; path = "Pods/Target Support Files/Pods-SmartMeter/Pods-SmartMeter.release.xcconfig"; sourceTree = "<group>"; };
		500E9FB61E03807700EFFADA /* MeterReadingRealm.swift */ = {isa = PBXFileReference; fileEncoding = 4; lastKnownFileType = sourcecode.swift; path = MeterReadingRealm.swift; sourceTree = "<group>"; };
		500E9FB91E0389F300EFFADA /* RealmSmartMeter.swift */ = {isa = PBXFileReference; fileEncoding = 4; lastKnownFileType = sourcecode.swift; path = RealmSmartMeter.swift; sourceTree = "<group>"; };
		5022891B1E0BB1740012FBA2 /* AppSplitViewController.swift */ = {isa = PBXFileReference; fileEncoding = 4; lastKnownFileType = sourcecode.swift; path = AppSplitViewController.swift; sourceTree = "<group>"; };
		5089F6051E10B05C00016531 /* MeterListCell.swift */ = {isa = PBXFileReference; fileEncoding = 4; lastKnownFileType = sourcecode.swift; path = MeterListCell.swift; sourceTree = "<group>"; };
		5089F6071E10B15500016531 /* ImageListCell.swift */ = {isa = PBXFileReference; fileEncoding = 4; lastKnownFileType = sourcecode.swift; path = ImageListCell.swift; sourceTree = "<group>"; };
		50CCC2531C1D044400D52115 /* SmartMeter.app */ = {isa = PBXFileReference; explicitFileType = wrapper.application; includeInIndex = 0; path = SmartMeter.app; sourceTree = BUILT_PRODUCTS_DIR; };
		50CCC2561C1D044400D52115 /* AppDelegate.swift */ = {isa = PBXFileReference; lastKnownFileType = sourcecode.swift; path = AppDelegate.swift; sourceTree = "<group>"; };
		50CCC25D1C1D044400D52115 /* Base */ = {isa = PBXFileReference; lastKnownFileType = file.storyboard; name = Base; path = Base.lproj/Main.storyboard; sourceTree = "<group>"; };
		50CCC25F1C1D044400D52115 /* Assets.xcassets */ = {isa = PBXFileReference; lastKnownFileType = folder.assetcatalog; path = Assets.xcassets; sourceTree = "<group>"; };
		50CCC2621C1D044400D52115 /* Base */ = {isa = PBXFileReference; lastKnownFileType = file.storyboard; name = Base; path = Base.lproj/LaunchScreen.storyboard; sourceTree = "<group>"; };
		50CCC2641C1D044400D52115 /* Info.plist */ = {isa = PBXFileReference; lastKnownFileType = text.plist.xml; path = Info.plist; sourceTree = "<group>"; };
		50CCC2691C1D044400D52115 /* SmartMeterTests.xctest */ = {isa = PBXFileReference; explicitFileType = wrapper.cfbundle; includeInIndex = 0; path = SmartMeterTests.xctest; sourceTree = BUILT_PRODUCTS_DIR; };
		50CCC26F1C1D044400D52115 /* Info.plist */ = {isa = PBXFileReference; lastKnownFileType = text.plist.xml; path = Info.plist; sourceTree = "<group>"; };
		50CCC2741C1D044400D52115 /* SmartMeterUITests.xctest */ = {isa = PBXFileReference; explicitFileType = wrapper.cfbundle; includeInIndex = 0; path = SmartMeterUITests.xctest; sourceTree = BUILT_PRODUCTS_DIR; };
		50CCC2781C1D044400D52115 /* SmartMeterUITests.swift */ = {isa = PBXFileReference; lastKnownFileType = sourcecode.swift; path = SmartMeterUITests.swift; sourceTree = "<group>"; };
		50CCC27A1C1D044400D52115 /* Info.plist */ = {isa = PBXFileReference; lastKnownFileType = text.plist.xml; path = Info.plist; sourceTree = "<group>"; };
		50CCC2881C1D088900D52115 /* AppTabViewController.swift */ = {isa = PBXFileReference; fileEncoding = 4; lastKnownFileType = sourcecode.swift; path = AppTabViewController.swift; sourceTree = "<group>"; };
		50FE74AA1E0628150020CA65 /* Meters.storyboard */ = {isa = PBXFileReference; fileEncoding = 4; lastKnownFileType = file.storyboard; path = Meters.storyboard; sourceTree = "<group>"; };
		50FE74AC1E07652E0020CA65 /* ReadingsViewController.swift */ = {isa = PBXFileReference; fileEncoding = 4; lastKnownFileType = sourcecode.swift; path = ReadingsViewController.swift; sourceTree = "<group>"; };
		50FE74AF1E07655F0020CA65 /* ReadingViewController.swift */ = {isa = PBXFileReference; fileEncoding = 4; lastKnownFileType = sourcecode.swift; path = ReadingViewController.swift; sourceTree = "<group>"; };
		50FE74B21E0765B80020CA65 /* Readings.storyboard */ = {isa = PBXFileReference; fileEncoding = 4; lastKnownFileType = file.storyboard; path = Readings.storyboard; sourceTree = "<group>"; };
		50FEEF9E1E076B6900CC65BD /* ReadingsModel.swift */ = {isa = PBXFileReference; fileEncoding = 4; lastKnownFileType = sourcecode.swift; path = ReadingsModel.swift; sourceTree = "<group>"; };
		640B16667CFD1FED8AE6A909 /* Pods_SmartMeterUITests.framework */ = {isa = PBXFileReference; explicitFileType = wrapper.framework; includeInIndex = 0; path = Pods_SmartMeterUITests.framework; sourceTree = BUILT_PRODUCTS_DIR; };
		67560D878430329EDF00EC17 /* Pods-SmartMeterUITests.release.xcconfig */ = {isa = PBXFileReference; includeInIndex = 1; lastKnownFileType = text.xcconfig; name = "Pods-SmartMeterUITests.release.xcconfig"; path = "Pods/Target Support Files/Pods-SmartMeterUITests/Pods-SmartMeterUITests.release.xcconfig"; sourceTree = "<group>"; };
		6E0AC7334D16F31502C2E4F6 /* Pods_SmartMeterTests.framework */ = {isa = PBXFileReference; explicitFileType = wrapper.framework; includeInIndex = 0; path = Pods_SmartMeterTests.framework; sourceTree = BUILT_PRODUCTS_DIR; };
		9A2F554BF1262FCBFE26C391 /* Pods-SmartMeter.debug.xcconfig */ = {isa = PBXFileReference; includeInIndex = 1; lastKnownFileType = text.xcconfig; name = "Pods-SmartMeter.debug.xcconfig"; path = "Pods/Target Support Files/Pods-SmartMeter/Pods-SmartMeter.debug.xcconfig"; sourceTree = "<group>"; };
		C2329C24A3D63D77A62BDC6C /* Pods_SmartMeter.framework */ = {isa = PBXFileReference; explicitFileType = wrapper.framework; includeInIndex = 0; path = Pods_SmartMeter.framework; sourceTree = BUILT_PRODUCTS_DIR; };
/* End PBXFileReference section */

/* Begin PBXFrameworksBuildPhase section */
		50CCC2501C1D044400D52115 /* Frameworks */ = {
			isa = PBXFrameworksBuildPhase;
			buildActionMask = 2147483647;
			files = (
				8AD1E5B2C8F5ADAF8468BAD0 /* Pods_SmartMeter.framework in Frameworks */,
			);
			runOnlyForDeploymentPostprocessing = 0;
		};
		50CCC2661C1D044400D52115 /* Frameworks */ = {
			isa = PBXFrameworksBuildPhase;
			buildActionMask = 2147483647;
			files = (
				4BCB06C9EF1CC0A4666A9B5F /* Pods_SmartMeterTests.framework in Frameworks */,
			);
			runOnlyForDeploymentPostprocessing = 0;
		};
		50CCC2711C1D044400D52115 /* Frameworks */ = {
			isa = PBXFrameworksBuildPhase;
			buildActionMask = 2147483647;
			files = (
				108F4981E07E8DC0B9A5923E /* Pods_SmartMeterUITests.framework in Frameworks */,
			);
			runOnlyForDeploymentPostprocessing = 0;
		};
/* End PBXFrameworksBuildPhase section */

/* Begin PBXGroup section */
		3DCF07CE1B4D074A13FCE8C8 /* Frameworks */ = {
			isa = PBXGroup;
			children = (
				C2329C24A3D63D77A62BDC6C /* Pods_SmartMeter.framework */,
				6E0AC7334D16F31502C2E4F6 /* Pods_SmartMeterTests.framework */,
				640B16667CFD1FED8AE6A909 /* Pods_SmartMeterUITests.framework */,
			);
			name = Frameworks;
			sourceTree = "<group>";
		};
		500E9FB51E037ED400EFFADA /* Data Model */ = {
			isa = PBXGroup;
			children = (
				500E9FB61E03807700EFFADA /* MeterReadingRealm.swift */,
			);
			name = "Data Model";
			sourceTree = "<group>";
		};
		500E9FB81E03882700EFFADA /* Services */ = {
			isa = PBXGroup;
			children = (
				500E9FB91E0389F300EFFADA /* RealmSmartMeter.swift */,
			);
			name = Services;
			sourceTree = "<group>";
		};
		5022891A1E0BAFB30012FBA2 /* Main */ = {
			isa = PBXGroup;
			children = (
				50CCC2881C1D088900D52115 /* AppTabViewController.swift */,
				5022891B1E0BB1740012FBA2 /* AppSplitViewController.swift */,
			);
			name = Main;
			sourceTree = "<group>";
		};
		50499F2D1E0617A500DE5623 /* Meters */ = {
			isa = PBXGroup;
			children = (
			);
			name = Meters;
			sourceTree = "<group>";
		};
		50CCC24A1C1D044400D52115 = {
			isa = PBXGroup;
			children = (
				50CCC2551C1D044400D52115 /* SmartMeter */,
				50CCC26C1C1D044400D52115 /* SmartMeterTests */,
				50CCC2771C1D044400D52115 /* SmartMeterUITests */,
				50CCC2541C1D044400D52115 /* Products */,
				6B3BC10B7D4EE65EBD18D949 /* Pods */,
				3DCF07CE1B4D074A13FCE8C8 /* Frameworks */,
			);
			sourceTree = "<group>";
		};
		50CCC2541C1D044400D52115 /* Products */ = {
			isa = PBXGroup;
			children = (
				50CCC2531C1D044400D52115 /* SmartMeter.app */,
				50CCC2691C1D044400D52115 /* SmartMeterTests.xctest */,
				50CCC2741C1D044400D52115 /* SmartMeterUITests.xctest */,
			);
			name = Products;
			sourceTree = "<group>";
		};
		50CCC2551C1D044400D52115 /* SmartMeter */ = {
			isa = PBXGroup;
			children = (
				500E9FB81E03882700EFFADA /* Services */,
				500E9FB51E037ED400EFFADA /* Data Model */,
				50CCC2871C1D075E00D52115 /* View Controller */,
				50CCC2861C1D074F00D52115 /* Stroryboard */,
				50CCC2561C1D044400D52115 /* AppDelegate.swift */,
				50CCC25F1C1D044400D52115 /* Assets.xcassets */,
				50CCC2641C1D044400D52115 /* Info.plist */,
			);
			path = SmartMeter;
			sourceTree = "<group>";
		};
		50CCC26C1C1D044400D52115 /* SmartMeterTests */ = {
			isa = PBXGroup;
			children = (
				50CCC26F1C1D044400D52115 /* Info.plist */,
			);
			path = SmartMeterTests;
			sourceTree = "<group>";
		};
		50CCC2771C1D044400D52115 /* SmartMeterUITests */ = {
			isa = PBXGroup;
			children = (
				50CCC2781C1D044400D52115 /* SmartMeterUITests.swift */,
				50CCC27A1C1D044400D52115 /* Info.plist */,
			);
			path = SmartMeterUITests;
			sourceTree = "<group>";
		};
		50CCC2861C1D074F00D52115 /* Stroryboard */ = {
			isa = PBXGroup;
			children = (
				50FE74B11E07659A0020CA65 /* Readings */,
				50FE74A91E0627F40020CA65 /* Meters */,
				50CCC25C1C1D044400D52115 /* Main.storyboard */,
				50CCC2611C1D044400D52115 /* LaunchScreen.storyboard */,
			);
			name = Stroryboard;
			sourceTree = "<group>";
		};
		50CCC2871C1D075E00D52115 /* View Controller */ = {
			isa = PBXGroup;
			children = (
				5022891A1E0BAFB30012FBA2 /* Main */,
				50FE74AE1E0765430020CA65 /* Readings */,
				50499F2D1E0617A500DE5623 /* Meters */,
			);
			name = "View Controller";
			sourceTree = "<group>";
		};
		50FE74A91E0627F40020CA65 /* Meters */ = {
			isa = PBXGroup;
			children = (
				50FE74AA1E0628150020CA65 /* Meters.storyboard */,
			);
			name = Meters;
			sourceTree = "<group>";
		};
		50FE74AE1E0765430020CA65 /* Readings */ = {
			isa = PBXGroup;
			children = (
				50FE74AC1E07652E0020CA65 /* ReadingsViewController.swift */,
				50FE74AF1E07655F0020CA65 /* ReadingViewController.swift */,
				50FEEF9E1E076B6900CC65BD /* ReadingsModel.swift */,
				5089F6051E10B05C00016531 /* MeterListCell.swift */,
				5089F6071E10B15500016531 /* ImageListCell.swift */,
			);
			name = Readings;
			sourceTree = "<group>";
		};
		50FE74B11E07659A0020CA65 /* Readings */ = {
			isa = PBXGroup;
			children = (
				50FE74B21E0765B80020CA65 /* Readings.storyboard */,
			);
			name = Readings;
			sourceTree = "<group>";
		};
		6B3BC10B7D4EE65EBD18D949 /* Pods */ = {
			isa = PBXGroup;
			children = (
				9A2F554BF1262FCBFE26C391 /* Pods-SmartMeter.debug.xcconfig */,
				4EA97EDBFED56449B1C3D821 /* Pods-SmartMeter.release.xcconfig */,
				46B809340F0AC034DBF9C915 /* Pods-SmartMeterTests.debug.xcconfig */,
				4B48AC4F8A29EBCC5B469B82 /* Pods-SmartMeterTests.release.xcconfig */,
				44802D9CE13B951FDDE36F56 /* Pods-SmartMeterUITests.debug.xcconfig */,
				67560D878430329EDF00EC17 /* Pods-SmartMeterUITests.release.xcconfig */,
			);
			name = Pods;
			sourceTree = "<group>";
		};
/* End PBXGroup section */

/* Begin PBXNativeTarget section */
		50CCC2521C1D044400D52115 /* SmartMeter */ = {
			isa = PBXNativeTarget;
			buildConfigurationList = 50CCC27D1C1D044400D52115 /* Build configuration list for PBXNativeTarget "SmartMeter" */;
			buildPhases = (
				63A187AC9A2A037A5EF6416C /* [CP] Check Pods Manifest.lock */,
				50CCC24F1C1D044400D52115 /* Sources */,
				50CCC2501C1D044400D52115 /* Frameworks */,
				50CCC2511C1D044400D52115 /* Resources */,
				A46DE8E8F4B1F0E237EC2C39 /* [CP] Embed Pods Frameworks */,
				9754FBF96291F7AFE0139CC7 /* [CP] Copy Pods Resources */,
			);
			buildRules = (
			);
			dependencies = (
			);
			name = SmartMeter;
			productName = SmartMeter;
			productReference = 50CCC2531C1D044400D52115 /* SmartMeter.app */;
			productType = "com.apple.product-type.application";
		};
		50CCC2681C1D044400D52115 /* SmartMeterTests */ = {
			isa = PBXNativeTarget;
			buildConfigurationList = 50CCC2801C1D044400D52115 /* Build configuration list for PBXNativeTarget "SmartMeterTests" */;
			buildPhases = (
				28F49F35C89B8B2502F3F464 /* [CP] Check Pods Manifest.lock */,
				50CCC2651C1D044400D52115 /* Sources */,
				50CCC2661C1D044400D52115 /* Frameworks */,
				50CCC2671C1D044400D52115 /* Resources */,
				44C9EBFFFF009E44D00E4977 /* [CP] Embed Pods Frameworks */,
				9A591A8AE60A70FA40AEC358 /* [CP] Copy Pods Resources */,
			);
			buildRules = (
			);
			dependencies = (
				50CCC26B1C1D044400D52115 /* PBXTargetDependency */,
			);
			name = SmartMeterTests;
			productName = SmartMeterTests;
			productReference = 50CCC2691C1D044400D52115 /* SmartMeterTests.xctest */;
			productType = "com.apple.product-type.bundle.unit-test";
		};
		50CCC2731C1D044400D52115 /* SmartMeterUITests */ = {
			isa = PBXNativeTarget;
			buildConfigurationList = 50CCC2831C1D044400D52115 /* Build configuration list for PBXNativeTarget "SmartMeterUITests" */;
			buildPhases = (
				26BD2F0881F474FEFCF3C97B /* [CP] Check Pods Manifest.lock */,
				50CCC2701C1D044400D52115 /* Sources */,
				50CCC2711C1D044400D52115 /* Frameworks */,
				50CCC2721C1D044400D52115 /* Resources */,
				4B0DBFCAD36499FF4AAD59E8 /* [CP] Embed Pods Frameworks */,
				C62794AC2B57687AE1B44139 /* [CP] Copy Pods Resources */,
			);
			buildRules = (
			);
			dependencies = (
				50CCC2761C1D044400D52115 /* PBXTargetDependency */,
			);
			name = SmartMeterUITests;
			productName = SmartMeterUITests;
			productReference = 50CCC2741C1D044400D52115 /* SmartMeterUITests.xctest */;
			productType = "com.apple.product-type.bundle.ui-testing";
		};
/* End PBXNativeTarget section */

/* Begin PBXProject section */
		50CCC24B1C1D044400D52115 /* Project object */ = {
			isa = PBXProject;
			attributes = {
				LastSwiftUpdateCheck = 0720;
				LastUpgradeCheck = 0820;
				ORGANIZATIONNAME = "Richard Yip";
				TargetAttributes = {
					50CCC2521C1D044400D52115 = {
						CreatedOnToolsVersion = 7.2;
						DevelopmentTeam = FU93H4LYCF;
						LastSwiftMigration = 0820;
						ProvisioningStyle = Automatic;
					};
					50CCC2681C1D044400D52115 = {
						CreatedOnToolsVersion = 7.2;
						LastSwiftMigration = 0820;
						TestTargetID = 50CCC2521C1D044400D52115;
					};
					50CCC2731C1D044400D52115 = {
						CreatedOnToolsVersion = 7.2;
						LastSwiftMigration = 0820;
						TestTargetID = 50CCC2521C1D044400D52115;
					};
				};
			};
			buildConfigurationList = 50CCC24E1C1D044400D52115 /* Build configuration list for PBXProject "SmartMeter" */;
			compatibilityVersion = "Xcode 3.2";
			developmentRegion = English;
			hasScannedForEncodings = 0;
			knownRegions = (
				en,
				Base,
			);
			mainGroup = 50CCC24A1C1D044400D52115;
			productRefGroup = 50CCC2541C1D044400D52115 /* Products */;
			projectDirPath = "";
			projectRoot = "";
			targets = (
				50CCC2521C1D044400D52115 /* SmartMeter */,
				50CCC2681C1D044400D52115 /* SmartMeterTests */,
				50CCC2731C1D044400D52115 /* SmartMeterUITests */,
			);
		};
/* End PBXProject section */

/* Begin PBXResourcesBuildPhase section */
		50CCC2511C1D044400D52115 /* Resources */ = {
			isa = PBXResourcesBuildPhase;
			buildActionMask = 2147483647;
			files = (
				50FE74AB1E0628150020CA65 /* Meters.storyboard in Resources */,
				50CCC2631C1D044400D52115 /* LaunchScreen.storyboard in Resources */,
				50CCC2601C1D044400D52115 /* Assets.xcassets in Resources */,
				50CCC25E1C1D044400D52115 /* Main.storyboard in Resources */,
				50FE74B31E0765B80020CA65 /* Readings.storyboard in Resources */,
			);
			runOnlyForDeploymentPostprocessing = 0;
		};
		50CCC2671C1D044400D52115 /* Resources */ = {
			isa = PBXResourcesBuildPhase;
			buildActionMask = 2147483647;
			files = (
			);
			runOnlyForDeploymentPostprocessing = 0;
		};
		50CCC2721C1D044400D52115 /* Resources */ = {
			isa = PBXResourcesBuildPhase;
			buildActionMask = 2147483647;
			files = (
			);
			runOnlyForDeploymentPostprocessing = 0;
		};
/* End PBXResourcesBuildPhase section */

/* Begin PBXShellScriptBuildPhase section */
		26BD2F0881F474FEFCF3C97B /* [CP] Check Pods Manifest.lock */ = {
			isa = PBXShellScriptBuildPhase;
			buildActionMask = 2147483647;
			files = (
			);
			inputPaths = (
			);
			name = "[CP] Check Pods Manifest.lock";
			outputPaths = (
			);
			runOnlyForDeploymentPostprocessing = 0;
			shellPath = /bin/sh;
			shellScript = "diff \"${PODS_ROOT}/../Podfile.lock\" \"${PODS_ROOT}/Manifest.lock\" > /dev/null\nif [ $? != 0 ] ; then\n    # print error to STDERR\n    echo \"error: The sandbox is not in sync with the Podfile.lock. Run 'pod install' or update your CocoaPods installation.\" >&2\n    exit 1\nfi\n";
			showEnvVarsInLog = 0;
		};
		28F49F35C89B8B2502F3F464 /* [CP] Check Pods Manifest.lock */ = {
			isa = PBXShellScriptBuildPhase;
			buildActionMask = 2147483647;
			files = (
			);
			inputPaths = (
			);
			name = "[CP] Check Pods Manifest.lock";
			outputPaths = (
			);
			runOnlyForDeploymentPostprocessing = 0;
			shellPath = /bin/sh;
			shellScript = "diff \"${PODS_ROOT}/../Podfile.lock\" \"${PODS_ROOT}/Manifest.lock\" > /dev/null\nif [ $? != 0 ] ; then\n    # print error to STDERR\n    echo \"error: The sandbox is not in sync with the Podfile.lock. Run 'pod install' or update your CocoaPods installation.\" >&2\n    exit 1\nfi\n";
			showEnvVarsInLog = 0;
		};
		44C9EBFFFF009E44D00E4977 /* [CP] Embed Pods Frameworks */ = {
			isa = PBXShellScriptBuildPhase;
			buildActionMask = 2147483647;
			files = (
			);
			inputPaths = (
			);
			name = "[CP] Embed Pods Frameworks";
			outputPaths = (
			);
			runOnlyForDeploymentPostprocessing = 0;
			shellPath = /bin/sh;
			shellScript = "\"${SRCROOT}/Pods/Target Support Files/Pods-SmartMeterTests/Pods-SmartMeterTests-frameworks.sh\"\n";
			showEnvVarsInLog = 0;
		};
		4B0DBFCAD36499FF4AAD59E8 /* [CP] Embed Pods Frameworks */ = {
			isa = PBXShellScriptBuildPhase;
			buildActionMask = 2147483647;
			files = (
			);
			inputPaths = (
			);
			name = "[CP] Embed Pods Frameworks";
			outputPaths = (
			);
			runOnlyForDeploymentPostprocessing = 0;
			shellPath = /bin/sh;
			shellScript = "\"${SRCROOT}/Pods/Target Support Files/Pods-SmartMeterUITests/Pods-SmartMeterUITests-frameworks.sh\"\n";
			showEnvVarsInLog = 0;
		};
		63A187AC9A2A037A5EF6416C /* [CP] Check Pods Manifest.lock */ = {
			isa = PBXShellScriptBuildPhase;
			buildActionMask = 2147483647;
			files = (
			);
			inputPaths = (
			);
			name = "[CP] Check Pods Manifest.lock";
			outputPaths = (
			);
			runOnlyForDeploymentPostprocessing = 0;
			shellPath = /bin/sh;
			shellScript = "diff \"${PODS_ROOT}/../Podfile.lock\" \"${PODS_ROOT}/Manifest.lock\" > /dev/null\nif [ $? != 0 ] ; then\n    # print error to STDERR\n    echo \"error: The sandbox is not in sync with the Podfile.lock. Run 'pod install' or update your CocoaPods installation.\" >&2\n    exit 1\nfi\n";
			showEnvVarsInLog = 0;
		};
		9754FBF96291F7AFE0139CC7 /* [CP] Copy Pods Resources */ = {
			isa = PBXShellScriptBuildPhase;
			buildActionMask = 2147483647;
			files = (
			);
			inputPaths = (
			);
			name = "[CP] Copy Pods Resources";
			outputPaths = (
			);
			runOnlyForDeploymentPostprocessing = 0;
			shellPath = /bin/sh;
			shellScript = "\"${SRCROOT}/Pods/Target Support Files/Pods-SmartMeter/Pods-SmartMeter-resources.sh\"\n";
			showEnvVarsInLog = 0;
		};
		9A591A8AE60A70FA40AEC358 /* [CP] Copy Pods Resources */ = {
			isa = PBXShellScriptBuildPhase;
			buildActionMask = 2147483647;
			files = (
			);
			inputPaths = (
			);
			name = "[CP] Copy Pods Resources";
			outputPaths = (
			);
			runOnlyForDeploymentPostprocessing = 0;
			shellPath = /bin/sh;
			shellScript = "\"${SRCROOT}/Pods/Target Support Files/Pods-SmartMeterTests/Pods-SmartMeterTests-resources.sh\"\n";
			showEnvVarsInLog = 0;
		};
		A46DE8E8F4B1F0E237EC2C39 /* [CP] Embed Pods Frameworks */ = {
			isa = PBXShellScriptBuildPhase;
			buildActionMask = 2147483647;
			files = (
			);
			inputPaths = (
			);
			name = "[CP] Embed Pods Frameworks";
			outputPaths = (
			);
			runOnlyForDeploymentPostprocessing = 0;
			shellPath = /bin/sh;
			shellScript = "\"${SRCROOT}/Pods/Target Support Files/Pods-SmartMeter/Pods-SmartMeter-frameworks.sh\"\n";
			showEnvVarsInLog = 0;
		};
		C62794AC2B57687AE1B44139 /* [CP] Copy Pods Resources */ = {
			isa = PBXShellScriptBuildPhase;
			buildActionMask = 2147483647;
			files = (
			);
			inputPaths = (
			);
			name = "[CP] Copy Pods Resources";
			outputPaths = (
			);
			runOnlyForDeploymentPostprocessing = 0;
			shellPath = /bin/sh;
			shellScript = "\"${SRCROOT}/Pods/Target Support Files/Pods-SmartMeterUITests/Pods-SmartMeterUITests-resources.sh\"\n";
			showEnvVarsInLog = 0;
		};
/* End PBXShellScriptBuildPhase section */

/* Begin PBXSourcesBuildPhase section */
		50CCC24F1C1D044400D52115 /* Sources */ = {
			isa = PBXSourcesBuildPhase;
			buildActionMask = 2147483647;
			files = (
				50CCC2891C1D088900D52115 /* AppTabViewController.swift in Sources */,
				5089F6081E10B15500016531 /* ImageListCell.swift in Sources */,
				5089F6061E10B05C00016531 /* MeterListCell.swift in Sources */,
				500E9FBA1E0389F300EFFADA /* RealmSmartMeter.swift in Sources */,
				50FEEF9F1E076B6900CC65BD /* ReadingsModel.swift in Sources */,
				50FE74B01E07655F0020CA65 /* ReadingViewController.swift in Sources */,
				50CCC2571C1D044400D52115 /* AppDelegate.swift in Sources */,
				500E9FB71E03807700EFFADA /* MeterReadingRealm.swift in Sources */,
				5022891C1E0BB1740012FBA2 /* AppSplitViewController.swift in Sources */,
				50FE74AD1E07652E0020CA65 /* ReadingsViewController.swift in Sources */,
			);
			runOnlyForDeploymentPostprocessing = 0;
		};
		50CCC2651C1D044400D52115 /* Sources */ = {
			isa = PBXSourcesBuildPhase;
			buildActionMask = 2147483647;
			files = (
			);
			runOnlyForDeploymentPostprocessing = 0;
		};
		50CCC2701C1D044400D52115 /* Sources */ = {
			isa = PBXSourcesBuildPhase;
			buildActionMask = 2147483647;
			files = (
				50CCC2791C1D044400D52115 /* SmartMeterUITests.swift in Sources */,
			);
			runOnlyForDeploymentPostprocessing = 0;
		};
/* End PBXSourcesBuildPhase section */

/* Begin PBXTargetDependency section */
		50CCC26B1C1D044400D52115 /* PBXTargetDependency */ = {
			isa = PBXTargetDependency;
			target = 50CCC2521C1D044400D52115 /* SmartMeter */;
			targetProxy = 50CCC26A1C1D044400D52115 /* PBXContainerItemProxy */;
		};
		50CCC2761C1D044400D52115 /* PBXTargetDependency */ = {
			isa = PBXTargetDependency;
			target = 50CCC2521C1D044400D52115 /* SmartMeter */;
			targetProxy = 50CCC2751C1D044400D52115 /* PBXContainerItemProxy */;
		};
/* End PBXTargetDependency section */

/* Begin PBXVariantGroup section */
		50CCC25C1C1D044400D52115 /* Main.storyboard */ = {
			isa = PBXVariantGroup;
			children = (
				50CCC25D1C1D044400D52115 /* Base */,
			);
			name = Main.storyboard;
			sourceTree = "<group>";
		};
		50CCC2611C1D044400D52115 /* LaunchScreen.storyboard */ = {
			isa = PBXVariantGroup;
			children = (
				50CCC2621C1D044400D52115 /* Base */,
			);
			name = LaunchScreen.storyboard;
			sourceTree = "<group>";
		};
/* End PBXVariantGroup section */

/* Begin XCBuildConfiguration section */
		50CCC27B1C1D044400D52115 /* Debug */ = {
			isa = XCBuildConfiguration;
			buildSettings = {
				ALWAYS_SEARCH_USER_PATHS = NO;
				CLANG_CXX_LANGUAGE_STANDARD = "gnu++0x";
				CLANG_CXX_LIBRARY = "libc++";
				CLANG_ENABLE_MODULES = YES;
				CLANG_ENABLE_OBJC_ARC = YES;
				CLANG_WARN_BOOL_CONVERSION = YES;
				CLANG_WARN_CONSTANT_CONVERSION = YES;
				CLANG_WARN_DIRECT_OBJC_ISA_USAGE = YES_ERROR;
				CLANG_WARN_EMPTY_BODY = YES;
				CLANG_WARN_ENUM_CONVERSION = YES;
				CLANG_WARN_INFINITE_RECURSION = YES;
				CLANG_WARN_INT_CONVERSION = YES;
				CLANG_WARN_OBJC_ROOT_CLASS = YES_ERROR;
				CLANG_WARN_SUSPICIOUS_MOVE = YES;
				CLANG_WARN_UNREACHABLE_CODE = YES;
				CLANG_WARN__DUPLICATE_METHOD_MATCH = YES;
				"CODE_SIGN_IDENTITY[sdk=iphoneos*]" = "iPhone Developer";
				COPY_PHASE_STRIP = NO;
				DEBUG_INFORMATION_FORMAT = dwarf;
				ENABLE_STRICT_OBJC_MSGSEND = YES;
				ENABLE_TESTABILITY = YES;
				GCC_C_LANGUAGE_STANDARD = gnu99;
				GCC_DYNAMIC_NO_PIC = NO;
				GCC_NO_COMMON_BLOCKS = YES;
				GCC_OPTIMIZATION_LEVEL = 0;
				GCC_PREPROCESSOR_DEFINITIONS = (
					"DEBUG=1",
					"$(inherited)",
				);
				GCC_WARN_64_TO_32_BIT_CONVERSION = YES;
				GCC_WARN_ABOUT_RETURN_TYPE = YES_ERROR;
				GCC_WARN_UNDECLARED_SELECTOR = YES;
				GCC_WARN_UNINITIALIZED_AUTOS = YES_AGGRESSIVE;
				GCC_WARN_UNUSED_FUNCTION = YES;
				GCC_WARN_UNUSED_VARIABLE = YES;
				IPHONEOS_DEPLOYMENT_TARGET = 9.3;
				MTL_ENABLE_DEBUG_INFO = YES;
				ONLY_ACTIVE_ARCH = YES;
				SDKROOT = iphoneos;
				SWIFT_OPTIMIZATION_LEVEL = "-Onone";
				SWIFT_VERSION = 2.3;
				TARGETED_DEVICE_FAMILY = "1,2";
			};
			name = Debug;
		};
		50CCC27C1C1D044400D52115 /* Release */ = {
			isa = XCBuildConfiguration;
			buildSettings = {
				ALWAYS_SEARCH_USER_PATHS = NO;
				CLANG_CXX_LANGUAGE_STANDARD = "gnu++0x";
				CLANG_CXX_LIBRARY = "libc++";
				CLANG_ENABLE_MODULES = YES;
				CLANG_ENABLE_OBJC_ARC = YES;
				CLANG_WARN_BOOL_CONVERSION = YES;
				CLANG_WARN_CONSTANT_CONVERSION = YES;
				CLANG_WARN_DIRECT_OBJC_ISA_USAGE = YES_ERROR;
				CLANG_WARN_EMPTY_BODY = YES;
				CLANG_WARN_ENUM_CONVERSION = YES;
				CLANG_WARN_INFINITE_RECURSION = YES;
				CLANG_WARN_INT_CONVERSION = YES;
				CLANG_WARN_OBJC_ROOT_CLASS = YES_ERROR;
				CLANG_WARN_SUSPICIOUS_MOVE = YES;
				CLANG_WARN_UNREACHABLE_CODE = YES;
				CLANG_WARN__DUPLICATE_METHOD_MATCH = YES;
				"CODE_SIGN_IDENTITY[sdk=iphoneos*]" = "iPhone Developer";
				COPY_PHASE_STRIP = NO;
				DEBUG_INFORMATION_FORMAT = "dwarf-with-dsym";
				ENABLE_NS_ASSERTIONS = NO;
				ENABLE_STRICT_OBJC_MSGSEND = YES;
				GCC_C_LANGUAGE_STANDARD = gnu99;
				GCC_NO_COMMON_BLOCKS = YES;
				GCC_WARN_64_TO_32_BIT_CONVERSION = YES;
				GCC_WARN_ABOUT_RETURN_TYPE = YES_ERROR;
				GCC_WARN_UNDECLARED_SELECTOR = YES;
				GCC_WARN_UNINITIALIZED_AUTOS = YES_AGGRESSIVE;
				GCC_WARN_UNUSED_FUNCTION = YES;
				GCC_WARN_UNUSED_VARIABLE = YES;
				IPHONEOS_DEPLOYMENT_TARGET = 9.3;
				MTL_ENABLE_DEBUG_INFO = NO;
				SDKROOT = iphoneos;
				SWIFT_OPTIMIZATION_LEVEL = "-Owholemodule";
				SWIFT_VERSION = 2.3;
				TARGETED_DEVICE_FAMILY = "1,2";
				VALIDATE_PRODUCT = YES;
			};
			name = Release;
		};
		50CCC27E1C1D044400D52115 /* Debug */ = {
			isa = XCBuildConfiguration;
			baseConfigurationReference = 9A2F554BF1262FCBFE26C391 /* Pods-SmartMeter.debug.xcconfig */;
			buildSettings = {
				ALWAYS_EMBED_SWIFT_STANDARD_LIBRARIES = YES;
				ASSETCATALOG_COMPILER_APPICON_NAME = AppIcon;
				"CODE_SIGN_IDENTITY[sdk=iphoneos*]" = "iPhone Developer";
				DEVELOPMENT_TEAM = FU93H4LYCF;
				INFOPLIST_FILE = SmartMeter/Info.plist;
				IPHONEOS_DEPLOYMENT_TARGET = 9.3;
				LD_RUNPATH_SEARCH_PATHS = "$(inherited) @executable_path/Frameworks";
				PRODUCT_BUNDLE_IDENTIFIER = net.kinegetics.SmartMeter;
				PRODUCT_NAME = "$(TARGET_NAME)";
				SWIFT_VERSION = 2.3;
			};
			name = Debug;
		};
		50CCC27F1C1D044400D52115 /* Release */ = {
			isa = XCBuildConfiguration;
			baseConfigurationReference = 4EA97EDBFED56449B1C3D821 /* Pods-SmartMeter.release.xcconfig */;
			buildSettings = {
				ALWAYS_EMBED_SWIFT_STANDARD_LIBRARIES = YES;
				ASSETCATALOG_COMPILER_APPICON_NAME = AppIcon;
				"CODE_SIGN_IDENTITY[sdk=iphoneos*]" = "iPhone Developer";
				DEVELOPMENT_TEAM = FU93H4LYCF;
				INFOPLIST_FILE = SmartMeter/Info.plist;
				IPHONEOS_DEPLOYMENT_TARGET = 9.3;
				LD_RUNPATH_SEARCH_PATHS = "$(inherited) @executable_path/Frameworks";
				PRODUCT_BUNDLE_IDENTIFIER = net.kinegetics.SmartMeter;
				PRODUCT_NAME = "$(TARGET_NAME)";
				SWIFT_VERSION = 2.3;
			};
			name = Release;
		};
		50CCC2811C1D044400D52115 /* Debug */ = {
			isa = XCBuildConfiguration;
			baseConfigurationReference = 46B809340F0AC034DBF9C915 /* Pods-SmartMeterTests.debug.xcconfig */;
			buildSettings = {
				BUNDLE_LOADER = "$(TEST_HOST)";
				INFOPLIST_FILE = SmartMeterTests/Info.plist;
				LD_RUNPATH_SEARCH_PATHS = "$(inherited) @executable_path/Frameworks @loader_path/Frameworks";
				PRODUCT_BUNDLE_IDENTIFIER = net.kinegetics.SmartMeterTests;
				PRODUCT_NAME = "$(TARGET_NAME)";
				SWIFT_VERSION = 3.0;
				TEST_HOST = "$(BUILT_PRODUCTS_DIR)/SmartMeter.app/SmartMeter";
			};
			name = Debug;
		};
		50CCC2821C1D044400D52115 /* Release */ = {
			isa = XCBuildConfiguration;
			baseConfigurationReference = 4B48AC4F8A29EBCC5B469B82 /* Pods-SmartMeterTests.release.xcconfig */;
			buildSettings = {
				BUNDLE_LOADER = "$(TEST_HOST)";
				INFOPLIST_FILE = SmartMeterTests/Info.plist;
				LD_RUNPATH_SEARCH_PATHS = "$(inherited) @executable_path/Frameworks @loader_path/Frameworks";
				PRODUCT_BUNDLE_IDENTIFIER = net.kinegetics.SmartMeterTests;
				PRODUCT_NAME = "$(TARGET_NAME)";
				SWIFT_VERSION = 3.0;
				TEST_HOST = "$(BUILT_PRODUCTS_DIR)/SmartMeter.app/SmartMeter";
			};
			name = Release;
		};
		50CCC2841C1D044400D52115 /* Debug */ = {
			isa = XCBuildConfiguration;
			baseConfigurationReference = 44802D9CE13B951FDDE36F56 /* Pods-SmartMeterUITests.debug.xcconfig */;
			buildSettings = {
				INFOPLIST_FILE = SmartMeterUITests/Info.plist;
				LD_RUNPATH_SEARCH_PATHS = "$(inherited) @executable_path/Frameworks @loader_path/Frameworks";
				PRODUCT_BUNDLE_IDENTIFIER = net.kinegetics.SmartMeterUITests;
				PRODUCT_NAME = "$(TARGET_NAME)";
				SWIFT_VERSION = 2.3;
				TEST_TARGET_NAME = SmartMeter;
				USES_XCTRUNNER = YES;
			};
			name = Debug;
		};
		50CCC2851C1D044400D52115 /* Release */ = {
			isa = XCBuildConfiguration;
			baseConfigurationReference = 67560D878430329EDF00EC17 /* Pods-SmartMeterUITests.release.xcconfig */;
			buildSettings = {
				INFOPLIST_FILE = SmartMeterUITests/Info.plist;
				LD_RUNPATH_SEARCH_PATHS = "$(inherited) @executable_path/Frameworks @loader_path/Frameworks";
				PRODUCT_BUNDLE_IDENTIFIER = net.kinegetics.SmartMeterUITests;
				PRODUCT_NAME = "$(TARGET_NAME)";
				SWIFT_VERSION = 2.3;
				TEST_TARGET_NAME = SmartMeter;
				USES_XCTRUNNER = YES;
			};
			name = Release;
		};
/* End XCBuildConfiguration section */

/* Begin XCConfigurationList section */
		50CCC24E1C1D044400D52115 /* Build configuration list for PBXProject "SmartMeter" */ = {
			isa = XCConfigurationList;
			buildConfigurations = (
				50CCC27B1C1D044400D52115 /* Debug */,
				50CCC27C1C1D044400D52115 /* Release */,
			);
			defaultConfigurationIsVisible = 0;
			defaultConfigurationName = Release;
		};
		50CCC27D1C1D044400D52115 /* Build configuration list for PBXNativeTarget "SmartMeter" */ = {
			isa = XCConfigurationList;
			buildConfigurations = (
				50CCC27E1C1D044400D52115 /* Debug */,
				50CCC27F1C1D044400D52115 /* Release */,
			);
			defaultConfigurationIsVisible = 0;
			defaultConfigurationName = Release;
		};
		50CCC2801C1D044400D52115 /* Build configuration list for PBXNativeTarget "SmartMeterTests" */ = {
			isa = XCConfigurationList;
			buildConfigurations = (
				50CCC2811C1D044400D52115 /* Debug */,
				50CCC2821C1D044400D52115 /* Release */,
			);
			defaultConfigurationIsVisible = 0;
			defaultConfigurationName = Release;
		};
		50CCC2831C1D044400D52115 /* Build configuration list for PBXNativeTarget "SmartMeterUITests" */ = {
			isa = XCConfigurationList;
			buildConfigurations = (
				50CCC2841C1D044400D52115 /* Debug */,
				50CCC2851C1D044400D52115 /* Release */,
			);
			defaultConfigurationIsVisible = 0;
			defaultConfigurationName = Release;
		};
/* End XCConfigurationList section */
	};
	rootObject = 50CCC24B1C1D044400D52115 /* Project object */;
}
